
Microsoft Visual Studio Solution File, Format Version 12.00
# Visual Studio Version 16
VisualStudioVersion = 16.0.30611.23
MinimumVisualStudioVersion = 10.0.40219.1
Project("{FAE04EC0-301F-11D3-BF4B-00C04F79EFBC}") = "DataStructureStack_And_Queue", "DataStructureStack_And_Queue\DataStructureStack_And_Queue.csproj", "{562BEE26-FDB1-4EB3-ACBF-47377900B274}"
EndProject
Global
	GlobalSection(SolutionConfigurationPlatforms) = preSolution
		Debug|Any CPU = Debug|Any CPU
		Release|Any CPU = Release|Any CPU
	EndGlobalSection
	GlobalSection(ProjectConfigurationPlatforms) = postSolution
		{562BEE26-FDB1-4EB3-ACBF-47377900B274}.Debug|Any CPU.ActiveCfg = Debug|Any CPU
		{562BEE26-FDB1-4EB3-ACBF-47377900B274}.Debug|Any CPU.Build.0 = Debug|Any CPU
		{562BEE26-FDB1-4EB3-ACBF-47377900B274}.Release|Any CPU.ActiveCfg = Release|Any CPU
		{562BEE26-FDB1-4EB3-ACBF-47377900B274}.Release|Any CPU.Build.0 = Release|Any CPU
	EndGlobalSection
	GlobalSection(SolutionProperties) = preSolution
		HideSolutionNode = FALSE
	EndGlobalSection
	GlobalSection(ExtensibilityGlobals) = postSolution
		SolutionGuid = {8B8A72D4-5A6A-4BEF-A39A-51399E39E420}
	EndGlobalSection
EndGlobal
